
Microsoft Visual Studio Solution File, Format Version 12.00
# Visual Studio Version 17
VisualStudioVersion = 17.2.32602.215
MinimumVisualStudioVersion = 10.0.40219.1
Project("{FAE04EC0-301F-11D3-BF4B-00C04F79EFBC}") = "ExpanderBug.Android", "ExpanderBug\ExpanderBug.Android\ExpanderBug.Android.csproj", "{CE10BF56-9454-4CAF-8DC1-B968D8BDD1E1}"
EndProject
Project("{FAE04EC0-301F-11D3-BF4B-00C04F79EFBC}") = "ExpanderBug", "ExpanderBug\ExpanderBug\ExpanderBug.csproj", "{C792FC4F-9E06-4D48-AC53-DD645CD1DB9D}"
EndProject
Global
	GlobalSection(SolutionConfigurationPlatforms) = preSolution
		Debug|Any CPU = Debug|Any CPU
		Debug|iPhone = Debug|iPhone
		Debug|iPhoneSimulator = Debug|iPhoneSimulator
		Release|Any CPU = Release|Any CPU
		Release|iPhone = Release|iPhone
		Release|iPhoneSimulator = Release|iPhoneSimulator
	EndGlobalSection
	GlobalSection(ProjectConfigurationPlatforms) = postSolution
		{CE10BF56-9454-4CAF-8DC1-B968D8BDD1E1}.Debug|Any CPU.ActiveCfg = Debug|Any CPU
		{CE10BF56-9454-4CAF-8DC1-B968D8BDD1E1}.Debug|Any CPU.Build.0 = Debug|Any CPU
		{CE10BF56-9454-4CAF-8DC1-B968D8BDD1E1}.Debug|Any CPU.Deploy.0 = Debug|Any CPU
		{CE10BF56-9454-4CAF-8DC1-B968D8BDD1E1}.Debug|iPhone.ActiveCfg = Debug|Any CPU
		{CE10BF56-9454-4CAF-8DC1-B968D8BDD1E1}.Debug|iPhone.Build.0 = Debug|Any CPU
		{CE10BF56-9454-4CAF-8DC1-B968D8BDD1E1}.Debug|iPhone.Deploy.0 = Debug|Any CPU
		{CE10BF56-9454-4CAF-8DC1-B968D8BDD1E1}.Debug|iPhoneSimulator.ActiveCfg = Debug|Any CPU
		{CE10BF56-9454-4CAF-8DC1-B968D8BDD1E1}.Debug|iPhoneSimulator.Build.0 = Debug|Any CPU
		{CE10BF56-9454-4CAF-8DC1-B968D8BDD1E1}.Debug|iPhoneSimulator.Deploy.0 = Debug|Any CPU
		{CE10BF56-9454-4CAF-8DC1-B968D8BDD1E1}.Release|Any CPU.ActiveCfg = Release|Any CPU
		{CE10BF56-9454-4CAF-8DC1-B968D8BDD1E1}.Release|Any CPU.Build.0 = Release|Any CPU
		{CE10BF56-9454-4CAF-8DC1-B968D8BDD1E1}.Release|Any CPU.Deploy.0 = Release|Any CPU
		{CE10BF56-9454-4CAF-8DC1-B968D8BDD1E1}.Release|iPhone.ActiveCfg = Release|Any CPU
		{CE10BF56-9454-4CAF-8DC1-B968D8BDD1E1}.Release|iPhone.Build.0 = Release|Any CPU
		{CE10BF56-9454-4CAF-8DC1-B968D8BDD1E1}.Release|iPhone.Deploy.0 = Release|Any CPU
		{CE10BF56-9454-4CAF-8DC1-B968D8BDD1E1}.Release|iPhoneSimulator.ActiveCfg = Release|Any CPU
		{CE10BF56-9454-4CAF-8DC1-B968D8BDD1E1}.Release|iPhoneSimulator.Build.0 = Release|Any CPU
		{CE10BF56-9454-4CAF-8DC1-B968D8BDD1E1}.Release|iPhoneSimulator.Deploy.0 = Release|Any CPU
		{C792FC4F-9E06-4D48-AC53-DD645CD1DB9D}.Debug|Any CPU.ActiveCfg = Debug|Any CPU
		{C792FC4F-9E06-4D48-AC53-DD645CD1DB9D}.Debug|Any CPU.Build.0 = Debug|Any CPU
		{C792FC4F-9E06-4D48-AC53-DD645CD1DB9D}.Debug|Any CPU.Deploy.0 = Debug|Any CPU
		{C792FC4F-9E06-4D48-AC53-DD645CD1DB9D}.Debug|iPhone.ActiveCfg = Debug|Any CPU
		{C792FC4F-9E06-4D48-AC53-DD645CD1DB9D}.Debug|iPhone.Build.0 = Debug|Any CPU
		{C792FC4F-9E06-4D48-AC53-DD645CD1DB9D}.Debug|iPhone.Deploy.0 = Debug|Any CPU
		{C792FC4F-9E06-4D48-AC53-DD645CD1DB9D}.Debug|iPhoneSimulator.ActiveCfg = Debug|Any CPU
		{C792FC4F-9E06-4D48-AC53-DD645CD1DB9D}.Debug|iPhoneSimulator.Build.0 = Debug|Any CPU
		{C792FC4F-9E06-4D48-AC53-DD645CD1DB9D}.Debug|iPhoneSimulator.Deploy.0 = Debug|Any CPU
		{C792FC4F-9E06-4D48-AC53-DD645CD1DB9D}.Release|Any CPU.ActiveCfg = Release|Any CPU
		{C792FC4F-9E06-4D48-AC53-DD645CD1DB9D}.Release|Any CPU.Build.0 = Release|Any CPU
		{C792FC4F-9E06-4D48-AC53-DD645CD1DB9D}.Release|Any CPU.Deploy.0 = Release|Any CPU
		{C792FC4F-9E06-4D48-AC53-DD645CD1DB9D}.Release|iPhone.ActiveCfg = Release|Any CPU
		{C792FC4F-9E06-4D48-AC53-DD645CD1DB9D}.Release|iPhone.Build.0 = Release|Any CPU
		{C792FC4F-9E06-4D48-AC53-DD645CD1DB9D}.Release|iPhone.Deploy.0 = Release|Any CPU
		{C792FC4F-9E06-4D48-AC53-DD645CD1DB9D}.Release|iPhoneSimulator.ActiveCfg = Release|Any CPU
		{C792FC4F-9E06-4D48-AC53-DD645CD1DB9D}.Release|iPhoneSimulator.Build.0 = Release|Any CPU
		{C792FC4F-9E06-4D48-AC53-DD645CD1DB9D}.Release|iPhoneSimulator.Deploy.0 = Release|Any CPU
	EndGlobalSection
	GlobalSection(SolutionProperties) = preSolution
		HideSolutionNode = FALSE
	EndGlobalSection
	GlobalSection(ExtensibilityGlobals) = postSolution
		SolutionGuid = {688E9A1C-AFA3-427F-9B94-325BAA4A24AC}
	EndGlobalSection
EndGlobal
